{
  "name": "atvext2",
  "version": "1.0.0",
  "description": "description",
  "main": "server.js",
  "scripts": {
    "start": "node server.js"
  },
  "dependencies": {
    "express": "^4.17.1",
    "mongodb": "^4.1.4",
    "dotenv": "^10.0.0"
  },
  "engines": {
    "node": "20.x",
    "npm": ">=10.8.1"
  }
}